
Microsoft Visual Studio Solution File, Format Version 12.00
# Visual Studio Version 16
VisualStudioVersion = 16.0.29613.14
MinimumVisualStudioVersion = 10.0.40219.1
Project("{FAE04EC0-301F-11D3-BF4B-00C04F79EFBC}") = "saper", "saper\saper.csproj", "{1B2DDC4C-857F-4701-A4AA-9A17FC21A717}"
EndProject
Global
	GlobalSection(SolutionConfigurationPlatforms) = preSolution
		Debug|Any CPU = Debug|Any CPU
		Release|Any CPU = Release|Any CPU
	EndGlobalSection
	GlobalSection(ProjectConfigurationPlatforms) = postSolution
		{1B2DDC4C-857F-4701-A4AA-9A17FC21A717}.Debug|Any CPU.ActiveCfg = Debug|Any CPU
		{1B2DDC4C-857F-4701-A4AA-9A17FC21A717}.Debug|Any CPU.Build.0 = Debug|Any CPU
		{1B2DDC4C-857F-4701-A4AA-9A17FC21A717}.Release|Any CPU.ActiveCfg = Release|Any CPU
		{1B2DDC4C-857F-4701-A4AA-9A17FC21A717}.Release|Any CPU.Build.0 = Release|Any CPU
	EndGlobalSection
	GlobalSection(SolutionProperties) = preSolution
		HideSolutionNode = FALSE
	EndGlobalSection
	GlobalSection(ExtensibilityGlobals) = postSolution
		SolutionGuid = {5C7FE909-BBC2-4C98-B34D-82BF0F72D279}
	EndGlobalSection
EndGlobal
